
Microsoft Visual Studio Solution File, Format Version 12.00
# Visual Studio 15
VisualStudioVersion = 15.0.27004.2008
MinimumVisualStudioVersion = 10.0.40219.1
Project("{FAE04EC0-301F-11D3-BF4B-00C04F79EFBC}") = "ChargerAutoTestTool", "ChargerAutoTestTool\ChargerAutoTestTool.csproj", "{430E65CF-261C-4DDE-9E1A-445534976F8C}"
EndProject
Project("{54435603-DBB4-11D2-8724-00A0C9A8B90C}") = "ChargerAutoTestSetup", "ChargerAutoTestSetup\ChargerAutoTestSetup.vdproj", "{B9360EC9-5A92-44B6-92D7-B4CC335EC574}"
EndProject
Global
	GlobalSection(SolutionConfigurationPlatforms) = preSolution
		Debug|Any CPU = Debug|Any CPU
		Release|Any CPU = Release|Any CPU
	EndGlobalSection
	GlobalSection(ProjectConfigurationPlatforms) = postSolution
		{430E65CF-261C-4DDE-9E1A-445534976F8C}.Debug|Any CPU.ActiveCfg = Debug|Any CPU
		{430E65CF-261C-4DDE-9E1A-445534976F8C}.Debug|Any CPU.Build.0 = Debug|Any CPU
		{430E65CF-261C-4DDE-9E1A-445534976F8C}.Release|Any CPU.ActiveCfg = Release|Any CPU
		{430E65CF-261C-4DDE-9E1A-445534976F8C}.Release|Any CPU.Build.0 = Release|Any CPU
		{B9360EC9-5A92-44B6-92D7-B4CC335EC574}.Debug|Any CPU.ActiveCfg = Debug
		{B9360EC9-5A92-44B6-92D7-B4CC335EC574}.Release|Any CPU.ActiveCfg = Release
	EndGlobalSection
	GlobalSection(SolutionProperties) = preSolution
		HideSolutionNode = FALSE
	EndGlobalSection
	GlobalSection(ExtensibilityGlobals) = postSolution
		SolutionGuid = {6D4F6B7F-D263-4640-B9C3-99CB5D24A5F2}
	EndGlobalSection
EndGlobal
